
Microsoft Visual Studio Solution File, Format Version 12.00
# Visual Studio 15
VisualStudioVersion = 15.0.28307.136
MinimumVisualStudioVersion = 10.0.40219.1
Project("{FAE04EC0-301F-11D3-BF4B-00C04F79EFBC}") = "ThinningImages - KMM", "ThinningImages - KMM\ThinningImages - KMM.csproj", "{D958C836-5866-4FE0-B5BA-9D685DEE7897}"
EndProject
Global
	GlobalSection(SolutionConfigurationPlatforms) = preSolution
		Debug|Any CPU = Debug|Any CPU
		Release|Any CPU = Release|Any CPU
	EndGlobalSection
	GlobalSection(ProjectConfigurationPlatforms) = postSolution
		{D958C836-5866-4FE0-B5BA-9D685DEE7897}.Debug|Any CPU.ActiveCfg = Debug|Any CPU
		{D958C836-5866-4FE0-B5BA-9D685DEE7897}.Debug|Any CPU.Build.0 = Debug|Any CPU
		{D958C836-5866-4FE0-B5BA-9D685DEE7897}.Release|Any CPU.ActiveCfg = Release|Any CPU
		{D958C836-5866-4FE0-B5BA-9D685DEE7897}.Release|Any CPU.Build.0 = Release|Any CPU
	EndGlobalSection
	GlobalSection(SolutionProperties) = preSolution
		HideSolutionNode = FALSE
	EndGlobalSection
	GlobalSection(ExtensibilityGlobals) = postSolution
		SolutionGuid = {53315C76-7D25-4321-84CB-7676C5583374}
	EndGlobalSection
EndGlobal
